<?xml version="1.0" encoding="utf-8"?>
<Project ToolsVersion="15.0" xmlns="http://schemas.microsoft.com/developer/msbuild/2003">
  <ItemGroup>
    <CustomBuild Include="C:\Users\strab\Desktop\Froggur\Froggur-Open-GL\CMakeBuild\CMakeFiles\d173d0bce36236e0cd561f8a6d6e6262\INSTALL_force.rule">
      <Filter>CMake Rules</Filter>
    </CustomBuild>
  </ItemGroup>
  <ItemGroup>
    <Filter Include="CMake Rules">
      <UniqueIdentifier>{193E1F61-12CA-3C32-A3A0-C57E131F7BEE}</UniqueIdentifier>
    </Filter>
  </ItemGroup>
</Project>
